
Microsoft Visual Studio Solution File, Format Version 12.00
# Visual Studio Version 17
VisualStudioVersion = 17.14.36301.6
MinimumVisualStudioVersion = 10.0.40219.1
Project("{FAE04EC0-301F-11D3-BF4B-00C04F79EFBC}") = "xUnit", "xUnit\xUnit.csproj", "{41708138-1A36-4421-A03A-F40150C02447}"
EndProject
Project("{FAE04EC0-301F-11D3-BF4B-00C04F79EFBC}") = "xUnitTests", "xUnitTests\xUnitTests.csproj", "{947513C1-F4EB-4AA5-A875-E84EE8A5F173}"
EndProject
Project("{FAE04EC0-301F-11D3-BF4B-00C04F79EFBC}") = "Entities", "Entities\Entities.csproj", "{ADFF3C16-DB1E-4965-BE77-06638F167F0F}"
EndProject
Project("{FAE04EC0-301F-11D3-BF4B-00C04F79EFBC}") = "ServiceContacts", "ServiceContacts\ServiceContacts.csproj", "{316E2A7E-E040-4B27-B16D-2E0178959AFE}"
EndProject
Project("{FAE04EC0-301F-11D3-BF4B-00C04F79EFBC}") = "Services", "Services\Services.csproj", "{F119905F-FCD2-4858-BC9F-D47000D14B2B}"
EndProject
Global
	GlobalSection(SolutionConfigurationPlatforms) = preSolution
		Debug|Any CPU = Debug|Any CPU
		Release|Any CPU = Release|Any CPU
	EndGlobalSection
	GlobalSection(ProjectConfigurationPlatforms) = postSolution
		{41708138-1A36-4421-A03A-F40150C02447}.Debug|Any CPU.ActiveCfg = Debug|Any CPU
		{41708138-1A36-4421-A03A-F40150C02447}.Debug|Any CPU.Build.0 = Debug|Any CPU
		{41708138-1A36-4421-A03A-F40150C02447}.Release|Any CPU.ActiveCfg = Release|Any CPU
		{41708138-1A36-4421-A03A-F40150C02447}.Release|Any CPU.Build.0 = Release|Any CPU
		{947513C1-F4EB-4AA5-A875-E84EE8A5F173}.Debug|Any CPU.ActiveCfg = Debug|Any CPU
		{947513C1-F4EB-4AA5-A875-E84EE8A5F173}.Debug|Any CPU.Build.0 = Debug|Any CPU
		{947513C1-F4EB-4AA5-A875-E84EE8A5F173}.Release|Any CPU.ActiveCfg = Release|Any CPU
		{947513C1-F4EB-4AA5-A875-E84EE8A5F173}.Release|Any CPU.Build.0 = Release|Any CPU
		{ADFF3C16-DB1E-4965-BE77-06638F167F0F}.Debug|Any CPU.ActiveCfg = Debug|Any CPU
		{ADFF3C16-DB1E-4965-BE77-06638F167F0F}.Debug|Any CPU.Build.0 = Debug|Any CPU
		{ADFF3C16-DB1E-4965-BE77-06638F167F0F}.Release|Any CPU.ActiveCfg = Release|Any CPU
		{ADFF3C16-DB1E-4965-BE77-06638F167F0F}.Release|Any CPU.Build.0 = Release|Any CPU
		{316E2A7E-E040-4B27-B16D-2E0178959AFE}.Debug|Any CPU.ActiveCfg = Debug|Any CPU
		{316E2A7E-E040-4B27-B16D-2E0178959AFE}.Debug|Any CPU.Build.0 = Debug|Any CPU
		{316E2A7E-E040-4B27-B16D-2E0178959AFE}.Release|Any CPU.ActiveCfg = Release|Any CPU
		{316E2A7E-E040-4B27-B16D-2E0178959AFE}.Release|Any CPU.Build.0 = Release|Any CPU
		{F119905F-FCD2-4858-BC9F-D47000D14B2B}.Debug|Any CPU.ActiveCfg = Debug|Any CPU
		{F119905F-FCD2-4858-BC9F-D47000D14B2B}.Debug|Any CPU.Build.0 = Debug|Any CPU
		{F119905F-FCD2-4858-BC9F-D47000D14B2B}.Release|Any CPU.ActiveCfg = Release|Any CPU
		{F119905F-FCD2-4858-BC9F-D47000D14B2B}.Release|Any CPU.Build.0 = Release|Any CPU
	EndGlobalSection
	GlobalSection(SolutionProperties) = preSolution
		HideSolutionNode = FALSE
	EndGlobalSection
	GlobalSection(ExtensibilityGlobals) = postSolution
		SolutionGuid = {C8DF6D72-9273-49A2-9E79-8BFA4B5BF848}
	EndGlobalSection
EndGlobal
