
Microsoft Visual Studio Solution File, Format Version 12.00
# Visual Studio Version 18
VisualStudioVersion = 18.3.11505.172
MinimumVisualStudioVersion = 10.0.40219.1
Project("{2150E333-8FDC-42A3-9474-1A3956D46DE8}") = "src", "src", "{827E0CD3-B72D-47B6-A68D-7590B98EB39B}"
EndProject
Project("{2150E333-8FDC-42A3-9474-1A3956D46DE8}") = "UI", "UI", "{BBB7B94B-6E11-D9F1-7BA6-9ECA82DB22BF}"
EndProject
Project("{2150E333-8FDC-42A3-9474-1A3956D46DE8}") = "StockAppWithConfiguration", "StockAppWithConfiguration", "{61D054BA-F6DA-3B98-3C15-770E29B84882}"
EndProject
Project("{FAE04EC0-301F-11D3-BF4B-00C04F79EFBC}") = "StockAppAssignment", "src\UI\StockAppWithConfiguration\StockAppAssignment.csproj", "{43DA8F04-0494-438E-9D6D-B26B859EB2AA}"
EndProject
Project("{2150E333-8FDC-42A3-9474-1A3956D46DE8}") = "Core", "Core", "{8D626EA8-CB54-BC41-363A-217881BEBA6E}"
EndProject
Project("{FAE04EC0-301F-11D3-BF4B-00C04F79EFBC}") = "Entities", "src\Core\Entities\Entities.csproj", "{9994E112-83F9-4521-AF57-5C1AF0F00862}"
EndProject
Project("{FAE04EC0-301F-11D3-BF4B-00C04F79EFBC}") = "Exceptions", "src\Core\Exceptions\Exceptions.csproj", "{766B7832-96F5-4318-8AF1-CAED1B950DBC}"
EndProject
Project("{FAE04EC0-301F-11D3-BF4B-00C04F79EFBC}") = "IServicesContracts", "src\Core\IServicesContracts\IServicesContracts.csproj", "{3CE06154-6C9D-4FDE-90A0-FBE20786B334}"
EndProject
Project("{FAE04EC0-301F-11D3-BF4B-00C04F79EFBC}") = "ReposContracts", "src\Core\ReposContracts\ReposContracts.csproj", "{90C0585E-B4FC-4345-B5B7-EFE554F4939B}"
EndProject
Project("{FAE04EC0-301F-11D3-BF4B-00C04F79EFBC}") = "Services", "src\Core\Services\Services.csproj", "{681BACA6-F5AC-48F7-9DEA-6B17A1B9A622}"
EndProject
Project("{2150E333-8FDC-42A3-9474-1A3956D46DE8}") = "Infra", "Infra", "{15879CB8-7A3F-14CE-5390-BDD4BAA5791B}"
EndProject
Project("{2150E333-8FDC-42A3-9474-1A3956D46DE8}") = "Persistence", "Persistence", "{256B0507-0C2D-B839-F2CD-E09B84407963}"
EndProject
Project("{FAE04EC0-301F-11D3-BF4B-00C04F79EFBC}") = "Repos", "src\Infra\Persistence\Repos\Repos.csproj", "{8467A347-7315-4D05-BEF0-9B585248D420}"
EndProject
Project("{2150E333-8FDC-42A3-9474-1A3956D46DE8}") = "test", "test", "{0C88DD14-F956-CE84-757C-A364CCF449FC}"
EndProject
Project("{FAE04EC0-301F-11D3-BF4B-00C04F79EFBC}") = "ControllerTests", "test\ControllerTests\ControllerTests.csproj", "{759AFFB9-3988-4B42-8DCC-DBD8881C88DA}"
EndProject
Project("{FAE04EC0-301F-11D3-BF4B-00C04F79EFBC}") = "IntegrationTests", "test\IntegrationTests\IntegrationTests.csproj", "{390963B5-10CA-4C87-9AFC-B86B7C9961B5}"
EndProject
Project("{FAE04EC0-301F-11D3-BF4B-00C04F79EFBC}") = "ServicesTests", "test\ServicesTests\ServicesTests.csproj", "{E35F8441-B347-4166-84F5-F1004F0F96FF}"
EndProject
Global
	GlobalSection(SolutionConfigurationPlatforms) = preSolution
		Debug|Any CPU = Debug|Any CPU
		Debug|x64 = Debug|x64
		Debug|x86 = Debug|x86
		Release|Any CPU = Release|Any CPU
		Release|x64 = Release|x64
		Release|x86 = Release|x86
	EndGlobalSection
	GlobalSection(ProjectConfigurationPlatforms) = postSolution
		{43DA8F04-0494-438E-9D6D-B26B859EB2AA}.Debug|Any CPU.ActiveCfg = Debug|Any CPU
		{43DA8F04-0494-438E-9D6D-B26B859EB2AA}.Debug|Any CPU.Build.0 = Debug|Any CPU
		{43DA8F04-0494-438E-9D6D-B26B859EB2AA}.Debug|x64.ActiveCfg = Debug|Any CPU
		{43DA8F04-0494-438E-9D6D-B26B859EB2AA}.Debug|x64.Build.0 = Debug|Any CPU
		{43DA8F04-0494-438E-9D6D-B26B859EB2AA}.Debug|x86.ActiveCfg = Debug|Any CPU
		{43DA8F04-0494-438E-9D6D-B26B859EB2AA}.Debug|x86.Build.0 = Debug|Any CPU
		{43DA8F04-0494-438E-9D6D-B26B859EB2AA}.Release|Any CPU.ActiveCfg = Release|Any CPU
		{43DA8F04-0494-438E-9D6D-B26B859EB2AA}.Release|Any CPU.Build.0 = Release|Any CPU
		{43DA8F04-0494-438E-9D6D-B26B859EB2AA}.Release|x64.ActiveCfg = Release|Any CPU
		{43DA8F04-0494-438E-9D6D-B26B859EB2AA}.Release|x64.Build.0 = Release|Any CPU
		{43DA8F04-0494-438E-9D6D-B26B859EB2AA}.Release|x86.ActiveCfg = Release|Any CPU
		{43DA8F04-0494-438E-9D6D-B26B859EB2AA}.Release|x86.Build.0 = Release|Any CPU
		{9994E112-83F9-4521-AF57-5C1AF0F00862}.Debug|Any CPU.ActiveCfg = Debug|Any CPU
		{9994E112-83F9-4521-AF57-5C1AF0F00862}.Debug|Any CPU.Build.0 = Debug|Any CPU
		{9994E112-83F9-4521-AF57-5C1AF0F00862}.Debug|x64.ActiveCfg = Debug|Any CPU
		{9994E112-83F9-4521-AF57-5C1AF0F00862}.Debug|x64.Build.0 = Debug|Any CPU
		{9994E112-83F9-4521-AF57-5C1AF0F00862}.Debug|x86.ActiveCfg = Debug|Any CPU
		{9994E112-83F9-4521-AF57-5C1AF0F00862}.Debug|x86.Build.0 = Debug|Any CPU
		{9994E112-83F9-4521-AF57-5C1AF0F00862}.Release|Any CPU.ActiveCfg = Release|Any CPU
		{9994E112-83F9-4521-AF57-5C1AF0F00862}.Release|Any CPU.Build.0 = Release|Any CPU
		{9994E112-83F9-4521-AF57-5C1AF0F00862}.Release|x64.ActiveCfg = Release|Any CPU
		{9994E112-83F9-4521-AF57-5C1AF0F00862}.Release|x64.Build.0 = Release|Any CPU
		{9994E112-83F9-4521-AF57-5C1AF0F00862}.Release|x86.ActiveCfg = Release|Any CPU
		{9994E112-83F9-4521-AF57-5C1AF0F00862}.Release|x86.Build.0 = Release|Any CPU
		{766B7832-96F5-4318-8AF1-CAED1B950DBC}.Debug|Any CPU.ActiveCfg = Debug|Any CPU
		{766B7832-96F5-4318-8AF1-CAED1B950DBC}.Debug|Any CPU.Build.0 = Debug|Any CPU
		{766B7832-96F5-4318-8AF1-CAED1B950DBC}.Debug|x64.ActiveCfg = Debug|Any CPU
		{766B7832-96F5-4318-8AF1-CAED1B950DBC}.Debug|x64.Build.0 = Debug|Any CPU
		{766B7832-96F5-4318-8AF1-CAED1B950DBC}.Debug|x86.ActiveCfg = Debug|Any CPU
		{766B7832-96F5-4318-8AF1-CAED1B950DBC}.Debug|x86.Build.0 = Debug|Any CPU
		{766B7832-96F5-4318-8AF1-CAED1B950DBC}.Release|Any CPU.ActiveCfg = Release|Any CPU
		{766B7832-96F5-4318-8AF1-CAED1B950DBC}.Release|Any CPU.Build.0 = Release|Any CPU
		{766B7832-96F5-4318-8AF1-CAED1B950DBC}.Release|x64.ActiveCfg = Release|Any CPU
		{766B7832-96F5-4318-8AF1-CAED1B950DBC}.Release|x64.Build.0 = Release|Any CPU
		{766B7832-96F5-4318-8AF1-CAED1B950DBC}.Release|x86.ActiveCfg = Release|Any CPU
		{766B7832-96F5-4318-8AF1-CAED1B950DBC}.Release|x86.Build.0 = Release|Any CPU
		{3CE06154-6C9D-4FDE-90A0-FBE20786B334}.Debug|Any CPU.ActiveCfg = Debug|Any CPU
		{3CE06154-6C9D-4FDE-90A0-FBE20786B334}.Debug|Any CPU.Build.0 = Debug|Any CPU
		{3CE06154-6C9D-4FDE-90A0-FBE20786B334}.Debug|x64.ActiveCfg = Debug|Any CPU
		{3CE06154-6C9D-4FDE-90A0-FBE20786B334}.Debug|x64.Build.0 = Debug|Any CPU
		{3CE06154-6C9D-4FDE-90A0-FBE20786B334}.Debug|x86.ActiveCfg = Debug|Any CPU
		{3CE06154-6C9D-4FDE-90A0-FBE20786B334}.Debug|x86.Build.0 = Debug|Any CPU
		{3CE06154-6C9D-4FDE-90A0-FBE20786B334}.Release|Any CPU.ActiveCfg = Release|Any CPU
		{3CE06154-6C9D-4FDE-90A0-FBE20786B334}.Release|Any CPU.Build.0 = Release|Any CPU
		{3CE06154-6C9D-4FDE-90A0-FBE20786B334}.Release|x64.ActiveCfg = Release|Any CPU
		{3CE06154-6C9D-4FDE-90A0-FBE20786B334}.Release|x64.Build.0 = Release|Any CPU
		{3CE06154-6C9D-4FDE-90A0-FBE20786B334}.Release|x86.ActiveCfg = Release|Any CPU
		{3CE06154-6C9D-4FDE-90A0-FBE20786B334}.Release|x86.Build.0 = Release|Any CPU
		{90C0585E-B4FC-4345-B5B7-EFE554F4939B}.Debug|Any CPU.ActiveCfg = Debug|Any CPU
		{90C0585E-B4FC-4345-B5B7-EFE554F4939B}.Debug|Any CPU.Build.0 = Debug|Any CPU
		{90C0585E-B4FC-4345-B5B7-EFE554F4939B}.Debug|x64.ActiveCfg = Debug|Any CPU
		{90C0585E-B4FC-4345-B5B7-EFE554F4939B}.Debug|x64.Build.0 = Debug|Any CPU
		{90C0585E-B4FC-4345-B5B7-EFE554F4939B}.Debug|x86.ActiveCfg = Debug|Any CPU
		{90C0585E-B4FC-4345-B5B7-EFE554F4939B}.Debug|x86.Build.0 = Debug|Any CPU
		{90C0585E-B4FC-4345-B5B7-EFE554F4939B}.Release|Any CPU.ActiveCfg = Release|Any CPU
		{90C0585E-B4FC-4345-B5B7-EFE554F4939B}.Release|Any CPU.Build.0 = Release|Any CPU
		{90C0585E-B4FC-4345-B5B7-EFE554F4939B}.Release|x64.ActiveCfg = Release|Any CPU
		{90C0585E-B4FC-4345-B5B7-EFE554F4939B}.Release|x64.Build.0 = Release|Any CPU
		{90C0585E-B4FC-4345-B5B7-EFE554F4939B}.Release|x86.ActiveCfg = Release|Any CPU
		{90C0585E-B4FC-4345-B5B7-EFE554F4939B}.Release|x86.Build.0 = Release|Any CPU
		{681BACA6-F5AC-48F7-9DEA-6B17A1B9A622}.Debug|Any CPU.ActiveCfg = Debug|Any CPU
		{681BACA6-F5AC-48F7-9DEA-6B17A1B9A622}.Debug|Any CPU.Build.0 = Debug|Any CPU
		{681BACA6-F5AC-48F7-9DEA-6B17A1B9A622}.Debug|x64.ActiveCfg = Debug|Any CPU
		{681BACA6-F5AC-48F7-9DEA-6B17A1B9A622}.Debug|x64.Build.0 = Debug|Any CPU
		{681BACA6-F5AC-48F7-9DEA-6B17A1B9A622}.Debug|x86.ActiveCfg = Debug|Any CPU
		{681BACA6-F5AC-48F7-9DEA-6B17A1B9A622}.Debug|x86.Build.0 = Debug|Any CPU
		{681BACA6-F5AC-48F7-9DEA-6B17A1B9A622}.Release|Any CPU.ActiveCfg = Release|Any CPU
		{681BACA6-F5AC-48F7-9DEA-6B17A1B9A622}.Release|Any CPU.Build.0 = Release|Any CPU
		{681BACA6-F5AC-48F7-9DEA-6B17A1B9A622}.Release|x64.ActiveCfg = Release|Any CPU
		{681BACA6-F5AC-48F7-9DEA-6B17A1B9A622}.Release|x64.Build.0 = Release|Any CPU
		{681BACA6-F5AC-48F7-9DEA-6B17A1B9A622}.Release|x86.ActiveCfg = Release|Any CPU
		{681BACA6-F5AC-48F7-9DEA-6B17A1B9A622}.Release|x86.Build.0 = Release|Any CPU
		{8467A347-7315-4D05-BEF0-9B585248D420}.Debug|Any CPU.ActiveCfg = Debug|Any CPU
		{8467A347-7315-4D05-BEF0-9B585248D420}.Debug|Any CPU.Build.0 = Debug|Any CPU
		{8467A347-7315-4D05-BEF0-9B585248D420}.Debug|x64.ActiveCfg = Debug|Any CPU
		{8467A347-7315-4D05-BEF0-9B585248D420}.Debug|x64.Build.0 = Debug|Any CPU
		{8467A347-7315-4D05-BEF0-9B585248D420}.Debug|x86.ActiveCfg = Debug|Any CPU
		{8467A347-7315-4D05-BEF0-9B585248D420}.Debug|x86.Build.0 = Debug|Any CPU
		{8467A347-7315-4D05-BEF0-9B585248D420}.Release|Any CPU.ActiveCfg = Release|Any CPU
		{8467A347-7315-4D05-BEF0-9B585248D420}.Release|Any CPU.Build.0 = Release|Any CPU
		{8467A347-7315-4D05-BEF0-9B585248D420}.Release|x64.ActiveCfg = Release|Any CPU
		{8467A347-7315-4D05-BEF0-9B585248D420}.Release|x64.Build.0 = Release|Any CPU
		{8467A347-7315-4D05-BEF0-9B585248D420}.Release|x86.ActiveCfg = Release|Any CPU
		{8467A347-7315-4D05-BEF0-9B585248D420}.Release|x86.Build.0 = Release|Any CPU
		{759AFFB9-3988-4B42-8DCC-DBD8881C88DA}.Debug|Any CPU.ActiveCfg = Debug|Any CPU
		{759AFFB9-3988-4B42-8DCC-DBD8881C88DA}.Debug|Any CPU.Build.0 = Debug|Any CPU
		{759AFFB9-3988-4B42-8DCC-DBD8881C88DA}.Debug|x64.ActiveCfg = Debug|Any CPU
		{759AFFB9-3988-4B42-8DCC-DBD8881C88DA}.Debug|x64.Build.0 = Debug|Any CPU
		{759AFFB9-3988-4B42-8DCC-DBD8881C88DA}.Debug|x86.ActiveCfg = Debug|Any CPU
		{759AFFB9-3988-4B42-8DCC-DBD8881C88DA}.Debug|x86.Build.0 = Debug|Any CPU
		{759AFFB9-3988-4B42-8DCC-DBD8881C88DA}.Release|Any CPU.ActiveCfg = Release|Any CPU
		{759AFFB9-3988-4B42-8DCC-DBD8881C88DA}.Release|Any CPU.Build.0 = Release|Any CPU
		{759AFFB9-3988-4B42-8DCC-DBD8881C88DA}.Release|x64.ActiveCfg = Release|Any CPU
		{759AFFB9-3988-4B42-8DCC-DBD8881C88DA}.Release|x64.Build.0 = Release|Any CPU
		{759AFFB9-3988-4B42-8DCC-DBD8881C88DA}.Release|x86.ActiveCfg = Release|Any CPU
		{759AFFB9-3988-4B42-8DCC-DBD8881C88DA}.Release|x86.Build.0 = Release|Any CPU
		{390963B5-10CA-4C87-9AFC-B86B7C9961B5}.Debug|Any CPU.ActiveCfg = Debug|Any CPU
		{390963B5-10CA-4C87-9AFC-B86B7C9961B5}.Debug|Any CPU.Build.0 = Debug|Any CPU
		{390963B5-10CA-4C87-9AFC-B86B7C9961B5}.Debug|x64.ActiveCfg = Debug|Any CPU
		{390963B5-10CA-4C87-9AFC-B86B7C9961B5}.Debug|x64.Build.0 = Debug|Any CPU
		{390963B5-10CA-4C87-9AFC-B86B7C9961B5}.Debug|x86.ActiveCfg = Debug|Any CPU
		{390963B5-10CA-4C87-9AFC-B86B7C9961B5}.Debug|x86.Build.0 = Debug|Any CPU
		{390963B5-10CA-4C87-9AFC-B86B7C9961B5}.Release|Any CPU.ActiveCfg = Release|Any CPU
		{390963B5-10CA-4C87-9AFC-B86B7C9961B5}.Release|Any CPU.Build.0 = Release|Any CPU
		{390963B5-10CA-4C87-9AFC-B86B7C9961B5}.Release|x64.ActiveCfg = Release|Any CPU
		{390963B5-10CA-4C87-9AFC-B86B7C9961B5}.Release|x64.Build.0 = Release|Any CPU
		{390963B5-10CA-4C87-9AFC-B86B7C9961B5}.Release|x86.ActiveCfg = Release|Any CPU
		{390963B5-10CA-4C87-9AFC-B86B7C9961B5}.Release|x86.Build.0 = Release|Any CPU
		{E35F8441-B347-4166-84F5-F1004F0F96FF}.Debug|Any CPU.ActiveCfg = Debug|Any CPU
		{E35F8441-B347-4166-84F5-F1004F0F96FF}.Debug|Any CPU.Build.0 = Debug|Any CPU
		{E35F8441-B347-4166-84F5-F1004F0F96FF}.Debug|x64.ActiveCfg = Debug|Any CPU
		{E35F8441-B347-4166-84F5-F1004F0F96FF}.Debug|x64.Build.0 = Debug|Any CPU
		{E35F8441-B347-4166-84F5-F1004F0F96FF}.Debug|x86.ActiveCfg = Debug|Any CPU
		{E35F8441-B347-4166-84F5-F1004F0F96FF}.Debug|x86.Build.0 = Debug|Any CPU
		{E35F8441-B347-4166-84F5-F1004F0F96FF}.Release|Any CPU.ActiveCfg = Release|Any CPU
		{E35F8441-B347-4166-84F5-F1004F0F96FF}.Release|Any CPU.Build.0 = Release|Any CPU
		{E35F8441-B347-4166-84F5-F1004F0F96FF}.Release|x64.ActiveCfg = Release|Any CPU
		{E35F8441-B347-4166-84F5-F1004F0F96FF}.Release|x64.Build.0 = Release|Any CPU
		{E35F8441-B347-4166-84F5-F1004F0F96FF}.Release|x86.ActiveCfg = Release|Any CPU
		{E35F8441-B347-4166-84F5-F1004F0F96FF}.Release|x86.Build.0 = Release|Any CPU
	EndGlobalSection
	GlobalSection(SolutionProperties) = preSolution
		HideSolutionNode = FALSE
	EndGlobalSection
	GlobalSection(NestedProjects) = preSolution
		{BBB7B94B-6E11-D9F1-7BA6-9ECA82DB22BF} = {827E0CD3-B72D-47B6-A68D-7590B98EB39B}
		{61D054BA-F6DA-3B98-3C15-770E29B84882} = {BBB7B94B-6E11-D9F1-7BA6-9ECA82DB22BF}
		{43DA8F04-0494-438E-9D6D-B26B859EB2AA} = {61D054BA-F6DA-3B98-3C15-770E29B84882}
		{8D626EA8-CB54-BC41-363A-217881BEBA6E} = {827E0CD3-B72D-47B6-A68D-7590B98EB39B}
		{9994E112-83F9-4521-AF57-5C1AF0F00862} = {8D626EA8-CB54-BC41-363A-217881BEBA6E}
		{766B7832-96F5-4318-8AF1-CAED1B950DBC} = {8D626EA8-CB54-BC41-363A-217881BEBA6E}
		{3CE06154-6C9D-4FDE-90A0-FBE20786B334} = {8D626EA8-CB54-BC41-363A-217881BEBA6E}
		{90C0585E-B4FC-4345-B5B7-EFE554F4939B} = {8D626EA8-CB54-BC41-363A-217881BEBA6E}
		{681BACA6-F5AC-48F7-9DEA-6B17A1B9A622} = {8D626EA8-CB54-BC41-363A-217881BEBA6E}
		{15879CB8-7A3F-14CE-5390-BDD4BAA5791B} = {827E0CD3-B72D-47B6-A68D-7590B98EB39B}
		{256B0507-0C2D-B839-F2CD-E09B84407963} = {15879CB8-7A3F-14CE-5390-BDD4BAA5791B}
		{8467A347-7315-4D05-BEF0-9B585248D420} = {256B0507-0C2D-B839-F2CD-E09B84407963}
		{759AFFB9-3988-4B42-8DCC-DBD8881C88DA} = {0C88DD14-F956-CE84-757C-A364CCF449FC}
		{390963B5-10CA-4C87-9AFC-B86B7C9961B5} = {0C88DD14-F956-CE84-757C-A364CCF449FC}
		{E35F8441-B347-4166-84F5-F1004F0F96FF} = {0C88DD14-F956-CE84-757C-A364CCF449FC}
	EndGlobalSection
	GlobalSection(ExtensibilityGlobals) = postSolution
		SolutionGuid = {37CAB552-D351-4B44-A972-D5F55C2B4AD4}
	EndGlobalSection
EndGlobal
