
Microsoft Visual Studio Solution File, Format Version 12.00
# Visual Studio Version 17
VisualStudioVersion = 17.14.36301.6 d17.14
MinimumVisualStudioVersion = 10.0.40219.1
Project("{FAE04EC0-301F-11D3-BF4B-00C04F79EFBC}") = "DependencyInjection", "DependencyInjection\DependencyInjection.csproj", "{A508D6D8-DEDF-4A91-9820-FAD9790DEDBA}"
EndProject
Project("{FAE04EC0-301F-11D3-BF4B-00C04F79EFBC}") = "Services", "Services\Services.csproj", "{D7F8D748-5238-4D74-B968-17661D426A37}"
EndProject
Project("{FAE04EC0-301F-11D3-BF4B-00C04F79EFBC}") = "IServices", "IServices\IServices.csproj", "{B350A8DC-1398-4A70-8832-91FDE6DEC1A3}"
EndProject
Project("{FAE04EC0-301F-11D3-BF4B-00C04F79EFBC}") = "Models", "Models\Models.csproj", "{1E6B5E70-D234-4091-971A-6B5F302FCBC0}"
EndProject
Global
	GlobalSection(SolutionConfigurationPlatforms) = preSolution
		Debug|Any CPU = Debug|Any CPU
		Release|Any CPU = Release|Any CPU
	EndGlobalSection
	GlobalSection(ProjectConfigurationPlatforms) = postSolution
		{A508D6D8-DEDF-4A91-9820-FAD9790DEDBA}.Debug|Any CPU.ActiveCfg = Debug|Any CPU
		{A508D6D8-DEDF-4A91-9820-FAD9790DEDBA}.Debug|Any CPU.Build.0 = Debug|Any CPU
		{A508D6D8-DEDF-4A91-9820-FAD9790DEDBA}.Release|Any CPU.ActiveCfg = Release|Any CPU
		{A508D6D8-DEDF-4A91-9820-FAD9790DEDBA}.Release|Any CPU.Build.0 = Release|Any CPU
		{D7F8D748-5238-4D74-B968-17661D426A37}.Debug|Any CPU.ActiveCfg = Debug|Any CPU
		{D7F8D748-5238-4D74-B968-17661D426A37}.Debug|Any CPU.Build.0 = Debug|Any CPU
		{D7F8D748-5238-4D74-B968-17661D426A37}.Release|Any CPU.ActiveCfg = Release|Any CPU
		{D7F8D748-5238-4D74-B968-17661D426A37}.Release|Any CPU.Build.0 = Release|Any CPU
		{B350A8DC-1398-4A70-8832-91FDE6DEC1A3}.Debug|Any CPU.ActiveCfg = Debug|Any CPU
		{B350A8DC-1398-4A70-8832-91FDE6DEC1A3}.Debug|Any CPU.Build.0 = Debug|Any CPU
		{B350A8DC-1398-4A70-8832-91FDE6DEC1A3}.Release|Any CPU.ActiveCfg = Release|Any CPU
		{B350A8DC-1398-4A70-8832-91FDE6DEC1A3}.Release|Any CPU.Build.0 = Release|Any CPU
		{1E6B5E70-D234-4091-971A-6B5F302FCBC0}.Debug|Any CPU.ActiveCfg = Debug|Any CPU
		{1E6B5E70-D234-4091-971A-6B5F302FCBC0}.Debug|Any CPU.Build.0 = Debug|Any CPU
		{1E6B5E70-D234-4091-971A-6B5F302FCBC0}.Release|Any CPU.ActiveCfg = Release|Any CPU
		{1E6B5E70-D234-4091-971A-6B5F302FCBC0}.Release|Any CPU.Build.0 = Release|Any CPU
	EndGlobalSection
	GlobalSection(SolutionProperties) = preSolution
		HideSolutionNode = FALSE
	EndGlobalSection
	GlobalSection(ExtensibilityGlobals) = postSolution
		SolutionGuid = {96EED361-F58A-4A27-9BF3-BA4FC1521BA1}
	EndGlobalSection
EndGlobal
